{
  "object": {
    "pins": [
      {
        "package": "Alamofire",
        "repositoryURL": "https://github.com/Alamofire/Alamofire.git",
        "state": {
          "branch": null,
          "revision": "2cbf59935fbb1f26e352ce4db53f1cf9408d5313",
          "version": "5.0.0-rc.3"
        }
      },
      {
        "package": "AlamofireImage",
        "repositoryURL": "https://github.com/Alamofire/AlamofireImage.git",
        "state": {
          "branch": null,
          "revision": "249c411e512e3017b6b426d099db448289db7eb3",
          "version": "4.0.0-beta.6"
        }
      },
      {
        "package": "AtomicSwift",
        "repositoryURL": "https://github.com/MarioIannotta/AtomicSwift.git",
        "state": {
          "branch": null,
          "revision": "e2913c6e873bc60237dd138ba0db9b109016dd80",
          "version": "1.2.1"
        }
      },
      {
        "package": "DNSAppCore",
        "repositoryURL": "https://github.com/DoubleNode/DNSAppCore.git",
        "state": {
          "branch": null,
          "revision": "55b48d69bed5b4773ae71b0c59246e9b1ed23733",
          "version": "1.0.2"
        }
      },
      {
        "package": "DNSBlankSystems",
        "repositoryURL": "https://github.com/DoubleNode/DNSBlankSystems.git",
        "state": {
          "branch": null,
          "revision": "7652f5f118e20ba604721215f1d387de23b13cd4",
          "version": "1.0.0"
        }
      },
      {
        "package": "DNSBlankWorkers",
        "repositoryURL": "https://github.com/DoubleNode/DNSBlankWorkers.git",
        "state": {
          "branch": null,
          "revision": "0117e45110e481b6aa2deb859ca66d80c09d1e0b",
          "version": "1.0.15"
        }
      },
      {
        "package": "DNSCore",
        "repositoryURL": "https://github.com/DoubleNode/DNSCore.git",
        "state": {
          "branch": null,
          "revision": "b3ee4810f3564d4eb25ed1a2c11f47893307b162",
          "version": "1.0.12"
        }
      },
      {
        "package": "DNSCoreThreading",
        "repositoryURL": "https://github.com/DoubleNode/DNSCoreThreading.git",
        "state": {
          "branch": null,
          "revision": "66d5e01881d1d822789051fa79332a5e0ffd93b8",
          "version": "1.0.3"
        }
      },
      {
        "package": "DNSCrashSystems",
        "repositoryURL": "https://github.com/DoubleNode/DNSCrashSystems.git",
        "state": {
          "branch": null,
          "revision": "3017cb269e5a03e3bc45e8eff64ba99813403ae8",
          "version": "1.0.0"
        }
      },
      {
        "package": "DNSCrashWorkers",
        "repositoryURL": "https://github.com/DoubleNode/DNSCrashWorkers.git",
        "state": {
          "branch": null,
          "revision": "aa081f47a2109c35bd3b1c6a36b6244a624e6881",
          "version": "1.0.3"
        }
      },
      {
        "package": "DNSDataObjects",
        "repositoryURL": "https://github.com/DoubleNode/DNSDataObjects.git",
        "state": {
          "branch": null,
          "revision": "5f58ceaf24d9f2197555b2d8683e3f7bb232ec38",
          "version": "1.0.2"
        }
      },
      {
        "package": "DNSNetwork",
        "repositoryURL": "https://github.com/DoubleNode/DNSNetwork.git",
        "state": {
          "branch": null,
          "revision": "442a4ee096f09477f6e876c6ca459055c40490e2",
          "version": "1.0.6"
        }
      },
      {
        "package": "DNSProtocols",
        "repositoryURL": "https://github.com/DoubleNode/DNSProtocols.git",
        "state": {
          "branch": null,
          "revision": "d0d07fbabb5633f62667388aa48acb5e80ad11e4",
          "version": "1.0.12"
        }
      },
      {
        "package": "FTLinearActivityIndicator",
        "repositoryURL": "https://github.com/futuretap/FTLinearActivityIndicator.git",
        "state": {
          "branch": null,
          "revision": "d8b196450f5d8b76369002c1178b47e00f1df81a",
          "version": "1.3.1"
        }
      },
      {
        "package": "Hippolyte",
        "repositoryURL": "https://github.com/JanGorman/Hippolyte.git",
        "state": {
          "branch": null,
          "revision": "215191ff9e13160333157900d7954ef62054d64e",
          "version": "1.1.0"
        }
      },
      {
        "package": "JGProgressHUD",
        "repositoryURL": "https://github.com/JonasGessner/JGProgressHUD.git",
        "state": {
          "branch": null,
          "revision": "08d130dd614a743f813286f096804c43a6ffa3f6",
          "version": "2.1.0"
        }
      },
      {
        "package": "Loaf",
        "repositoryURL": "https://github.com/schmidyy/Loaf.git",
        "state": {
          "branch": null,
          "revision": "31f3b3fff28918c49d69ee76be72b041161b67c7",
          "version": "0.6.0"
        }
      }
    ]
  },
  "version": 1
}
